// !$*UTF8*$!
{
	archiveVersion = 1;
	classes = {
	};
	objectVersion = 46;
	objects = {

/* Begin PBXBuildFile section */
		05C1E3001A202CF8003EFC5D /* main.m in Sources */ = {isa = PBXBuildFile; fileRef = 05C1E2FF1A202CF8003EFC5D /* main.m */; };
		05C1E3031A202CF8003EFC5D /* AppDelegate.m in Sources */ = {isa = PBXBuildFile; fileRef = 05C1E3021A202CF8003EFC5D /* AppDelegate.m */; };
		05C1E3061A202CF8003EFC5D /* ViewController.m in Sources */ = {isa = PBXBuildFile; fileRef = 05C1E3051A202CF8003EFC5D /* ViewController.m */; };
		05C1E3091A202CF8003EFC5D /* Main.storyboard in Resources */ = {isa = PBXBuildFile; fileRef = 05C1E3071A202CF8003EFC5D /* Main.storyboard */; };
		05C1E30B1A202CF8003EFC5D /* Images.xcassets in Resources */ = {isa = PBXBuildFile; fileRef = 05C1E30A1A202CF8003EFC5D /* Images.xcassets */; };
		05C1E30E1A202CF8003EFC5D /* LaunchScreen.xib in Resources */ = {isa = PBXBuildFile; fileRef = 05C1E30C1A202CF8003EFC5D /* LaunchScreen.xib */; };
		05C1E31A1A202CF8003EFC5D /* Fight_RoundsTests.m in Sources */ = {isa = PBXBuildFile; fileRef = 05C1E3191A202CF8003EFC5D /* Fight_RoundsTests.m */; };
/* End PBXBuildFile section */

/* Begin PBXContainerItemProxy section */
		05C1E3141A202CF8003EFC5D /* PBXContainerItemProxy */ = {
			isa = PBXContainerItemProxy;
			containerPortal = 05C1E2F21A202CF8003EFC5D /* Project object */;
			proxyType = 1;
			remoteGlobalIDString = 05C1E2F91A202CF8003EFC5D;
			remoteInfo = "Fight Rounds";
		};
/* End PBXContainerItemProxy section */

/* Begin PBXFileReference section */
		05C1E2FA1A202CF8003EFC5D /* Fight Rounds.app */ = {isa = PBXFileReference; explicitFileType = wrapper.application; includeInIndex = 0; path = "Fight Rounds.app"; sourceTree = BUILT_PRODUCTS_DIR; };
		05C1E2FE1A202CF8003EFC5D /* Info.plist */ = {isa = PBXFileReference; lastKnownFileType = text.plist.xml; path = Info.plist; sourceTree = "<group>"; };
		05C1E2FF1A202CF8003EFC5D /* main.m */ = {isa = PBXFileReference; lastKnownFileType = sourcecode.c.objc; path = main.m; sourceTree = "<group>"; };
		05C1E3011A202CF8003EFC5D /* AppDelegate.h */ = {isa = PBXFileReference; lastKnownFileType = sourcecode.c.h; path = AppDelegate.h; sourceTree = "<group>"; };
		05C1E3021A202CF8003EFC5D /* AppDelegate.m */ = {isa = PBXFileReference; lastKnownFileType = sourcecode.c.objc; path = AppDelegate.m; sourceTree = "<group>"; };
		05C1E3041A202CF8003EFC5D /* ViewController.h */ = {isa = PBXFileReference; lastKnownFileType = sourcecode.c.h; path = ViewController.h; sourceTree = "<group>"; };
		05C1E3051A202CF8003EFC5D /* ViewController.m */ = {isa = PBXFileReference; lastKnownFileType = sourcecode.c.objc; path = ViewController.m; sourceTree = "<group>"; };
		05C1E3081A202CF8003EFC5D /* Base */ = {isa = PBXFileReference; lastKnownFileType = file.storyboard; name = Base; path = Base.lproj/Main.storyboard; sourceTree = "<group>"; };
		05C1E30A1A202CF8003EFC5D /* Images.xcassets */ = {isa = PBXFileReference; lastKnownFileType = folder.assetcatalog; path = Images.xcassets; sourceTree = "<group>"; };
		05C1E30D1A202CF8003EFC5D /* Base */ = {isa = PBXFileReference; lastKnownFileType = file.xib; name = Base; path = Base.lproj/LaunchScreen.xib; sourceTree = "<group>"; };
		05C1E3131A202CF8003EFC5D /* Fight RoundsTests.xctest */ = {isa = PBXFileReference; explicitFileType = wrapper.cfbundle; includeInIndex = 0; path = "Fight RoundsTests.xctest"; sourceTree = BUILT_PRODUCTS_DIR; };
		05C1E3181A202CF8003EFC5D /* Info.plist */ = {isa = PBXFileReference; lastKnownFileType = text.plist.xml; path = Info.plist; sourceTree = "<group>"; };
		05C1E3191A202CF8003EFC5D /* Fight_RoundsTests.m */ = {isa = PBXFileReference; lastKnownFileType = sourcecode.c.objc; path = Fight_RoundsTests.m; sourceTree = "<group>"; };
/* End PBXFileReference section */

/* Begin PBXFrameworksBuildPhase section */
		05C1E2F71A202CF8003EFC5D /* Frameworks */ = {
			isa = PBXFrameworksBuildPhase;
			buildActionMask = 2147483647;
			files = (
			);
			runOnlyForDeploymentPostprocessing = 0;
		};
		05C1E3101A202CF8003EFC5D /* Frameworks */ = {
			isa = PBXFrameworksBuildPhase;
			buildActionMask = 2147483647;
			files = (
			);
			runOnlyForDeploymentPostprocessing = 0;
		};
/* End PBXFrameworksBuildPhase section */

/* Begin PBXGroup section */
		05C1E2F11A202CF8003EFC5D = {
			isa = PBXGroup;
			children = (
				05C1E2FC1A202CF8003EFC5D /* Fight Rounds */,
				05C1E3161A202CF8003EFC5D /* Fight RoundsTests */,
				05C1E2FB1A202CF8003EFC5D /* Products */,
			);
			sourceTree = "<group>";
		};
		05C1E2FB1A202CF8003EFC5D /* Products */ = {
			isa = PBXGroup;
			children = (
				05C1E2FA1A202CF8003EFC5D /* Fight Rounds.app */,
				05C1E3131A202CF8003EFC5D /* Fight RoundsTests.xctest */,
			);
			name = Products;
			sourceTree = "<group>";
		};
		05C1E2FC1A202CF8003EFC5D /* Fight Rounds */ = {
			isa = PBXGroup;
			children = (
				05C1E3011A202CF8003EFC5D /* AppDelegate.h */,
				05C1E3021A202CF8003EFC5D /* AppDelegate.m */,
				05C1E3041A202CF8003EFC5D /* ViewController.h */,
				05C1E3051A202CF8003EFC5D /* ViewController.m */,
				05C1E3071A202CF8003EFC5D /* Main.storyboard */,
				05C1E30A1A202CF8003EFC5D /* Images.xcassets */,
				05C1E30C1A202CF8003EFC5D /* LaunchScreen.xib */,
				05C1E2FD1A202CF8003EFC5D /* Supporting Files */,
			);
			path = "Fight Rounds";
			sourceTree = "<group>";
		};
		05C1E2FD1A202CF8003EFC5D /* Supporting Files */ = {
			isa = PBXGroup;
			children = (
				05C1E2FE1A202CF8003EFC5D /* Info.plist */,
				05C1E2FF1A202CF8003EFC5D /* main.m */,
			);
			name = "Supporting Files";
			sourceTree = "<group>";
		};
		05C1E3161A202CF8003EFC5D /* Fight RoundsTests */ = {
			isa = PBXGroup;
			children = (
				05C1E3191A202CF8003EFC5D /* Fight_RoundsTests.m */,
				05C1E3171A202CF8003EFC5D /* Supporting Files */,
			);
			path = "Fight RoundsTests";
			sourceTree = "<group>";
		};
		05C1E3171A202CF8003EFC5D /* Supporting Files */ = {
			isa = PBXGroup;
			children = (
				05C1E3181A202CF8003EFC5D /* Info.plist */,
			);
			name = "Supporting Files";
			sourceTree = "<group>";
		};
/* End PBXGroup section */

/* Begin PBXNativeTarget section */
		05C1E2F91A202CF8003EFC5D /* Fight Rounds */ = {
			isa = PBXNativeTarget;
			buildConfigurationList = 05C1E31D1A202CF8003EFC5D /* Build configuration list for PBXNativeTarget "Fight Rounds" */;
			buildPhases = (
				05C1E2F61A202CF8003EFC5D /* Sources */,
				05C1E2F71A202CF8003EFC5D /* Frameworks */,
				05C1E2F81A202CF8003EFC5D /* Resources */,
			);
			buildRules = (
			);
			dependencies = (
			);
			name = "Fight Rounds";
			productName = "Fight Rounds";
			productReference = 05C1E2FA1A202CF8003EFC5D /* Fight Rounds.app */;
			productType = "com.apple.product-type.application";
		};
		05C1E3121A202CF8003EFC5D /* Fight RoundsTests */ = {
			isa = PBXNativeTarget;
			buildConfigurationList = 05C1E3201A202CF8003EFC5D /* Build configuration list for PBXNativeTarget "Fight RoundsTests" */;
			buildPhases = (
				05C1E30F1A202CF8003EFC5D /* Sources */,
				05C1E3101A202CF8003EFC5D /* Frameworks */,
				05C1E3111A202CF8003EFC5D /* Resources */,
			);
			buildRules = (
			);
			dependencies = (
				05C1E3151A202CF8003EFC5D /* PBXTargetDependency */,
			);
			name = "Fight RoundsTests";
			productName = "Fight RoundsTests";
			productReference = 05C1E3131A202CF8003EFC5D /* Fight RoundsTests.xctest */;
			productType = "com.apple.product-type.bundle.unit-test";
		};
/* End PBXNativeTarget section */

/* Begin PBXProject section */
		05C1E2F21A202CF8003EFC5D /* Project object */ = {
			isa = PBXProject;
			attributes = {
				LastUpgradeCheck = 0610;
				ORGANIZATIONNAME = "Jad Osseiran";
				TargetAttributes = {
					05C1E2F91A202CF8003EFC5D = {
						CreatedOnToolsVersion = 6.1.1;
					};
					05C1E3121A202CF8003EFC5D = {
						CreatedOnToolsVersion = 6.1.1;
						TestTargetID = 05C1E2F91A202CF8003EFC5D;
					};
				};
			};
			buildConfigurationList = 05C1E2F51A202CF8003EFC5D /* Build configuration list for PBXProject "Fight Rounds" */;
			compatibilityVersion = "Xcode 3.2";
			developmentRegion = English;
			hasScannedForEncodings = 0;
			knownRegions = (
				en,
				Base,
			);
			mainGroup = 05C1E2F11A202CF8003EFC5D;
			productRefGroup = 05C1E2FB1A202CF8003EFC5D /* Products */;
			projectDirPath = "";
			projectRoot = "";
			targets = (
				05C1E2F91A202CF8003EFC5D /* Fight Rounds */,
				05C1E3121A202CF8003EFC5D /* Fight RoundsTests */,
			);
		};
/* End PBXProject section */

/* Begin PBXResourcesBuildPhase section */
		05C1E2F81A202CF8003EFC5D /* Resources */ = {
			isa = PBXResourcesBuildPhase;
			buildActionMask = 2147483647;
			files = (
				05C1E3091A202CF8003EFC5D /* Main.storyboard in Resources */,
				05C1E30E1A202CF8003EFC5D /* LaunchScreen.xib in Resources */,
				05C1E30B1A202CF8003EFC5D /* Images.xcassets in Resources */,
			);
			runOnlyForDeploymentPostprocessing = 0;
		};
		05C1E3111A202CF8003EFC5D /* Resources */ = {
			isa = PBXResourcesBuildPhase;
			buildActionMask = 2147483647;
			files = (
			);
			runOnlyForDeploymentPostprocessing = 0;
		};
/* End PBXResourcesBuildPhase section */

/* Begin PBXSourcesBuildPhase section */
		05C1E2F61A202CF8003EFC5D /* Sources */ = {
			isa = PBXSourcesBuildPhase;
			buildActionMask = 2147483647;
			files = (
				05C1E3061A202CF8003EFC5D /* ViewController.m in Sources */,
				05C1E3031A202CF8003EFC5D /* AppDelegate.m in Sources */,
				05C1E3001A202CF8003EFC5D /* main.m in Sources */,
			);
			runOnlyForDeploymentPostprocessing = 0;
		};
		05C1E30F1A202CF8003EFC5D /* Sources */ = {
			isa = PBXSourcesBuildPhase;
			buildActionMask = 2147483647;
			files = (
				05C1E31A1A202CF8003EFC5D /* Fight_RoundsTests.m in Sources */,
			);
			runOnlyForDeploymentPostprocessing = 0;
		};
/* End PBXSourcesBuildPhase section */

/* Begin PBXTargetDependency section */
		05C1E3151A202CF8003EFC5D /* PBXTargetDependency */ = {
			isa = PBXTargetDependency;
			target = 05C1E2F91A202CF8003EFC5D /* Fight Rounds */;
			targetProxy = 05C1E3141A202CF8003EFC5D /* PBXContainerItemProxy */;
		};
/* End PBXTargetDependency section */

/* Begin PBXVariantGroup section */
		05C1E3071A202CF8003EFC5D /* Main.storyboard */ = {
			isa = PBXVariantGroup;
			children = (
				05C1E3081A202CF8003EFC5D /* Base */,
			);
			name = Main.storyboard;
			sourceTree = "<group>";
		};
		05C1E30C1A202CF8003EFC5D /* LaunchScreen.xib */ = {
			isa = PBXVariantGroup;
			children = (
				05C1E30D1A202CF8003EFC5D /* Base */,
			);
			name = LaunchScreen.xib;
			sourceTree = "<group>";
		};
/* End PBXVariantGroup section */

/* Begin XCBuildConfiguration section */
		05C1E31B1A202CF8003EFC5D /* Debug */ = {
			isa = XCBuildConfiguration;
			buildSettings = {
				ALWAYS_SEARCH_USER_PATHS = NO;
				CLANG_CXX_LANGUAGE_STANDARD = "gnu++0x";
				CLANG_CXX_LIBRARY = "libc++";
				CLANG_ENABLE_MODULES = YES;
				CLANG_ENABLE_OBJC_ARC = YES;
				CLANG_WARN_BOOL_CONVERSION = YES;
				CLANG_WARN_CONSTANT_CONVERSION = YES;
				CLANG_WARN_DIRECT_OBJC_ISA_USAGE = YES_ERROR;
				CLANG_WARN_EMPTY_BODY = YES;
				CLANG_WARN_ENUM_CONVERSION = YES;
				CLANG_WARN_INT_CONVERSION = YES;
				CLANG_WARN_OBJC_ROOT_CLASS = YES_ERROR;
				CLANG_WARN_UNREACHABLE_CODE = YES;
				CLANG_WARN__DUPLICATE_METHOD_MATCH = YES;
				"CODE_SIGN_IDENTITY[sdk=iphoneos*]" = "iPhone Developer";
				COPY_PHASE_STRIP = NO;
				ENABLE_STRICT_OBJC_MSGSEND = YES;
				GCC_C_LANGUAGE_STANDARD = gnu99;
				GCC_DYNAMIC_NO_PIC = NO;
				GCC_OPTIMIZATION_LEVEL = 0;
				GCC_PREPROCESSOR_DEFINITIONS = (
					"DEBUG=1",
					"$(inherited)",
				);
				GCC_SYMBOLS_PRIVATE_EXTERN = NO;
				GCC_WARN_64_TO_32_BIT_CONVERSION = YES;
				GCC_WARN_ABOUT_RETURN_TYPE = YES_ERROR;
				GCC_WARN_UNDECLARED_SELECTOR = YES;
				GCC_WARN_UNINITIALIZED_AUTOS = YES_AGGRESSIVE;
				GCC_WARN_UNUSED_FUNCTION = YES;
				GCC_WARN_UNUSED_VARIABLE = YES;
				IPHONEOS_DEPLOYMENT_TARGET = 8.1;
				MTL_ENABLE_DEBUG_INFO = YES;
				ONLY_ACTIVE_ARCH = YES;
				SDKROOT = iphoneos;
				TARGETED_DEVICE_FAMILY = "1,2";
			};
			name = Debug;
		};
		05C1E31C1A202CF8003EFC5D /* Release */ = {
			isa = XCBuildConfiguration;
			buildSettings = {
				ALWAYS_SEARCH_USER_PATHS = NO;
				CLANG_CXX_LANGUAGE_STANDARD = "gnu++0x";
				CLANG_CXX_LIBRARY = "libc++";
				CLANG_ENABLE_MODULES = YES;
				CLANG_ENABLE_OBJC_ARC = YES;
				CLANG_WARN_BOOL_CONVERSION = YES;
				CLANG_WARN_CONSTANT_CONVERSION = YES;
				CLANG_WARN_DIRECT_OBJC_ISA_USAGE = YES_ERROR;
				CLANG_WARN_EMPTY_BODY = YES;
				CLANG_WARN_ENUM_CONVERSION = YES;
				CLANG_WARN_INT_CONVERSION = YES;
				CLANG_WARN_OBJC_ROOT_CLASS = YES_ERROR;
				CLANG_WARN_UNREACHABLE_CODE = YES;
				CLANG_WARN__DUPLICATE_METHOD_MATCH = YES;
				"CODE_SIGN_IDENTITY[sdk=iphoneos*]" = "iPhone Developer";
				COPY_PHASE_STRIP = YES;
				ENABLE_NS_ASSERTIONS = NO;
				ENABLE_STRICT_OBJC_MSGSEND = YES;
				GCC_C_LANGUAGE_STANDARD = gnu99;
				GCC_WARN_64_TO_32_BIT_CONVERSION = YES;
				GCC_WARN_ABOUT_RETURN_TYPE = YES_ERROR;
				GCC_WARN_UNDECLARED_SELECTOR = YES;
				GCC_WARN_UNINITIALIZED_AUTOS = YES_AGGRESSIVE;
				GCC_WARN_UNUSED_FUNCTION = YES;
				GCC_WARN_UNUSED_VARIABLE = YES;
				IPHONEOS_DEPLOYMENT_TARGET = 8.1;
				MTL_ENABLE_DEBUG_INFO = NO;
				SDKROOT = iphoneos;
				TARGETED_DEVICE_FAMILY = "1,2";
				VALIDATE_PRODUCT = YES;
			};
			name = Release;
		};
		05C1E31E1A202CF8003EFC5D /* Debug */ = {
			isa = XCBuildConfiguration;
			buildSettings = {
				ASSETCATALOG_COMPILER_APPICON_NAME = AppIcon;
				INFOPLIST_FILE = "Fight Rounds/Info.plist";
				LD_RUNPATH_SEARCH_PATHS = "$(inherited) @executable_path/Frameworks";
				PRODUCT_NAME = "$(TARGET_NAME)";
			};
			name = Debug;
		};
		05C1E31F1A202CF8003EFC5D /* Release */ = {
			isa = XCBuildConfiguration;
			buildSettings = {
				ASSETCATALOG_COMPILER_APPICON_NAME = AppIcon;
				INFOPLIST_FILE = "Fight Rounds/Info.plist";
				LD_RUNPATH_SEARCH_PATHS = "$(inherited) @executable_path/Frameworks";
				PRODUCT_NAME = "$(TARGET_NAME)";
			};
			name = Release;
		};
		05C1E3211A202CF8003EFC5D /* Debug */ = {
			isa = XCBuildConfiguration;
			buildSettings = {
				BUNDLE_LOADER = "$(TEST_HOST)";
				FRAMEWORK_SEARCH_PATHS = (
					"$(SDKROOT)/Developer/Library/Frameworks",
					"$(inherited)",
				);
				GCC_PREPROCESSOR_DEFINITIONS = (
					"DEBUG=1",
					"$(inherited)",
				);
				INFOPLIST_FILE = "Fight RoundsTests/Info.plist";
				LD_RUNPATH_SEARCH_PATHS = "$(inherited) @executable_path/Frameworks @loader_path/Frameworks";
				PRODUCT_NAME = "$(TARGET_NAME)";
				TEST_HOST = "$(BUILT_PRODUCTS_DIR)/Fight Rounds.app/Fight Rounds";
			};
			name = Debug;
		};
		05C1E3221A202CF8003EFC5D /* Release */ = {
			isa = XCBuildConfiguration;
			buildSettings = {
				BUNDLE_LOADER = "$(TEST_HOST)";
				FRAMEWORK_SEARCH_PATHS = (
					"$(SDKROOT)/Developer/Library/Frameworks",
					"$(inherited)",
				);
				INFOPLIST_FILE = "Fight RoundsTests/Info.plist";
				LD_RUNPATH_SEARCH_PATHS = "$(inherited) @executable_path/Frameworks @loader_path/Frameworks";
				PRODUCT_NAME = "$(TARGET_NAME)";
				TEST_HOST = "$(BUILT_PRODUCTS_DIR)/Fight Rounds.app/Fight Rounds";
			};
			name = Release;
		};
/* End XCBuildConfiguration section */

/* Begin XCConfigurationList section */
		05C1E2F51A202CF8003EFC5D /* Build configuration list for PBXProject "Fight Rounds" */ = {
			isa = XCConfigurationList;
			buildConfigurations = (
				05C1E31B1A202CF8003EFC5D /* Debug */,
				05C1E31C1A202CF8003EFC5D /* Release */,
			);
			defaultConfigurationIsVisible = 0;
			defaultConfigurationName = Release;
		};
		05C1E31D1A202CF8003EFC5D /* Build configuration list for PBXNativeTarget "Fight Rounds" */ = {
			isa = XCConfigurationList;
			buildConfigurations = (
				05C1E31E1A202CF8003EFC5D /* Debug */,
				05C1E31F1A202CF8003EFC5D /* Release */,
			);
			defaultConfigurationIsVisible = 0;
		};
		05C1E3201A202CF8003EFC5D /* Build configuration list for PBXNativeTarget "Fight RoundsTests" */ = {
			isa = XCConfigurationList;
			buildConfigurations = (
				05C1E3211A202CF8003EFC5D /* Debug */,
				05C1E3221A202CF8003EFC5D /* Release */,
			);
			defaultConfigurationIsVisible = 0;
		};
/* End XCConfigurationList section */
	};
	rootObject = 05C1E2F21A202CF8003EFC5D /* Project object */;
}
